
Microsoft Visual Studio Solution File, Format Version 12.00
# Visual Studio Version 17
VisualStudioVersion = 17.10.35027.167
MinimumVisualStudioVersion = 10.0.40219.1
Project("{9A19103F-16F7-4668-BE54-9A1E7A4F7556}") = "PowerBuilder", "PowerBuilder.csproj", "{A0A2BA43-316D-416A-B88A-8F11A5A21D57}"
EndProject
Project("{9A19103F-16F7-4668-BE54-9A1E7A4F7556}") = "PBunitTest", "..\..\SampleNUnitProject\SampleNUnitProject\PBunitTest.csproj", "{1C1F9338-7FCA-4002-940F-C6DF7ACF42D6}"
EndProject
Global
	GlobalSection(SolutionConfigurationPlatforms) = preSolution
		Debug R21|Any CPU = Debug R21|Any CPU
		Debug R22|Any CPU = Debug R22|Any CPU
		Debug R23|Any CPU = Debug R23|Any CPU
		Debug R24|Any CPU = Debug R24|Any CPU
		Debug R25|Any CPU = Debug R25|Any CPU
		Debug|Any CPU = Debug|Any CPU
		Release R21|Any CPU = Release R21|Any CPU
		Release R22|Any CPU = Release R22|Any CPU
		Release R23|Any CPU = Release R23|Any CPU
		Release R24|Any CPU = Release R24|Any CPU
		Release R25|Any CPU = Release R25|Any CPU
		Release|Any CPU = Release|Any CPU
	EndGlobalSection
	GlobalSection(ProjectConfigurationPlatforms) = postSolution
		{A0A2BA43-316D-416A-B88A-8F11A5A21D57}.Debug R21|Any CPU.ActiveCfg = Debug R21|Any CPU
		{A0A2BA43-316D-416A-B88A-8F11A5A21D57}.Debug R21|Any CPU.Build.0 = Debug R21|Any CPU
		{A0A2BA43-316D-416A-B88A-8F11A5A21D57}.Debug R22|Any CPU.ActiveCfg = Debug R22|Any CPU
		{A0A2BA43-316D-416A-B88A-8F11A5A21D57}.Debug R22|Any CPU.Build.0 = Debug R22|Any CPU
		{A0A2BA43-316D-416A-B88A-8F11A5A21D57}.Debug R23|Any CPU.ActiveCfg = Debug R23|Any CPU
		{A0A2BA43-316D-416A-B88A-8F11A5A21D57}.Debug R23|Any CPU.Build.0 = Debug R23|Any CPU
		{A0A2BA43-316D-416A-B88A-8F11A5A21D57}.Debug R24|Any CPU.ActiveCfg = Debug R24|Any CPU
		{A0A2BA43-316D-416A-B88A-8F11A5A21D57}.Debug R24|Any CPU.Build.0 = Debug R24|Any CPU
		{A0A2BA43-316D-416A-B88A-8F11A5A21D57}.Debug R25|Any CPU.ActiveCfg = Debug R25|Any CPU
		{A0A2BA43-316D-416A-B88A-8F11A5A21D57}.Debug R25|Any CPU.Build.0 = Debug R25|Any CPU
		{A0A2BA43-316D-416A-B88A-8F11A5A21D57}.Debug|Any CPU.ActiveCfg = Debug R24|Any CPU
		{A0A2BA43-316D-416A-B88A-8F11A5A21D57}.Debug|Any CPU.Build.0 = Debug R24|Any CPU
		{A0A2BA43-316D-416A-B88A-8F11A5A21D57}.Release R21|Any CPU.ActiveCfg = Release R21|Any CPU
		{A0A2BA43-316D-416A-B88A-8F11A5A21D57}.Release R21|Any CPU.Build.0 = Release R21|Any CPU
		{A0A2BA43-316D-416A-B88A-8F11A5A21D57}.Release R22|Any CPU.ActiveCfg = Release R22|Any CPU
		{A0A2BA43-316D-416A-B88A-8F11A5A21D57}.Release R22|Any CPU.Build.0 = Release R22|Any CPU
		{A0A2BA43-316D-416A-B88A-8F11A5A21D57}.Release R23|Any CPU.ActiveCfg = Release R23|Any CPU
		{A0A2BA43-316D-416A-B88A-8F11A5A21D57}.Release R23|Any CPU.Build.0 = Release R23|Any CPU
		{A0A2BA43-316D-416A-B88A-8F11A5A21D57}.Release R24|Any CPU.ActiveCfg = Release R24|Any CPU
		{A0A2BA43-316D-416A-B88A-8F11A5A21D57}.Release R24|Any CPU.Build.0 = Release R24|Any CPU
		{A0A2BA43-316D-416A-B88A-8F11A5A21D57}.Release R25|Any CPU.ActiveCfg = Release R25|Any CPU
		{A0A2BA43-316D-416A-B88A-8F11A5A21D57}.Release R25|Any CPU.Build.0 = Release R25|Any CPU
		{A0A2BA43-316D-416A-B88A-8F11A5A21D57}.Release|Any CPU.ActiveCfg = Debug R24|Any CPU
		{A0A2BA43-316D-416A-B88A-8F11A5A21D57}.Release|Any CPU.Build.0 = Debug R24|Any CPU
		{1C1F9338-7FCA-4002-940F-C6DF7ACF42D6}.Debug R21|Any CPU.ActiveCfg = Debug|Any CPU
		{1C1F9338-7FCA-4002-940F-C6DF7ACF42D6}.Debug R21|Any CPU.Build.0 = Debug|Any CPU
		{1C1F9338-7FCA-4002-940F-C6DF7ACF42D6}.Debug R22|Any CPU.ActiveCfg = Debug|Any CPU
		{1C1F9338-7FCA-4002-940F-C6DF7ACF42D6}.Debug R22|Any CPU.Build.0 = Debug|Any CPU
		{1C1F9338-7FCA-4002-940F-C6DF7ACF42D6}.Debug R23|Any CPU.ActiveCfg = Debug|Any CPU
		{1C1F9338-7FCA-4002-940F-C6DF7ACF42D6}.Debug R23|Any CPU.Build.0 = Debug|Any CPU
		{1C1F9338-7FCA-4002-940F-C6DF7ACF42D6}.Debug R24|Any CPU.ActiveCfg = Debug|Any CPU
		{1C1F9338-7FCA-4002-940F-C6DF7ACF42D6}.Debug R24|Any CPU.Build.0 = Debug|Any CPU
		{1C1F9338-7FCA-4002-940F-C6DF7ACF42D6}.Debug R25|Any CPU.ActiveCfg = Debug|Any CPU
		{1C1F9338-7FCA-4002-940F-C6DF7ACF42D6}.Debug R25|Any CPU.Build.0 = Debug|Any CPU
		{1C1F9338-7FCA-4002-940F-C6DF7ACF42D6}.Debug|Any CPU.ActiveCfg = Debug|Any CPU
		{1C1F9338-7FCA-4002-940F-C6DF7ACF42D6}.Debug|Any CPU.Build.0 = Debug|Any CPU
		{1C1F9338-7FCA-4002-940F-C6DF7ACF42D6}.Release R21|Any CPU.ActiveCfg = Release|Any CPU
		{1C1F9338-7FCA-4002-940F-C6DF7ACF42D6}.Release R21|Any CPU.Build.0 = Release|Any CPU
		{1C1F9338-7FCA-4002-940F-C6DF7ACF42D6}.Release R22|Any CPU.ActiveCfg = Release|Any CPU
		{1C1F9338-7FCA-4002-940F-C6DF7ACF42D6}.Release R22|Any CPU.Build.0 = Release|Any CPU
		{1C1F9338-7FCA-4002-940F-C6DF7ACF42D6}.Release R23|Any CPU.ActiveCfg = Release|Any CPU
		{1C1F9338-7FCA-4002-940F-C6DF7ACF42D6}.Release R23|Any CPU.Build.0 = Release|Any CPU
		{1C1F9338-7FCA-4002-940F-C6DF7ACF42D6}.Release R24|Any CPU.ActiveCfg = Release|Any CPU
		{1C1F9338-7FCA-4002-940F-C6DF7ACF42D6}.Release R24|Any CPU.Build.0 = Release|Any CPU
		{1C1F9338-7FCA-4002-940F-C6DF7ACF42D6}.Release R25|Any CPU.ActiveCfg = Release|Any CPU
		{1C1F9338-7FCA-4002-940F-C6DF7ACF42D6}.Release R25|Any CPU.Build.0 = Release|Any CPU
		{1C1F9338-7FCA-4002-940F-C6DF7ACF42D6}.Release|Any CPU.ActiveCfg = Release|Any CPU
		{1C1F9338-7FCA-4002-940F-C6DF7ACF42D6}.Release|Any CPU.Build.0 = Release|Any CPU
	EndGlobalSection
	GlobalSection(SolutionProperties) = preSolution
		HideSolutionNode = FALSE
	EndGlobalSection
	GlobalSection(ExtensibilityGlobals) = postSolution
		SolutionGuid = {8D3AA41A-83E0-4FB3-96E7-0A8EE5AB0306}
	EndGlobalSection
EndGlobal
